// !$*UTF8*$!
{
	archiveVersion = 1;
	classes = {
	};
	objectVersion = 46;
	objects = {

/* Begin PBXBuildFile section */
		2E116E2A1B2E985800A0D77F /* main.m in Sources */ = {isa = PBXBuildFile; fileRef = 2E116E291B2E985800A0D77F /* main.m */; };
		2E116E2D1B2E985800A0D77F /* AppDelegate.m in Sources */ = {isa = PBXBuildFile; fileRef = 2E116E2C1B2E985800A0D77F /* AppDelegate.m */; };
		2E116E301B2E985800A0D77F /* ViewController.m in Sources */ = {isa = PBXBuildFile; fileRef = 2E116E2F1B2E985800A0D77F /* ViewController.m */; };
		2E116E331B2E985800A0D77F /* Main.storyboard in Resources */ = {isa = PBXBuildFile; fileRef = 2E116E311B2E985800A0D77F /* Main.storyboard */; };
		2E116E351B2E985800A0D77F /* Images.xcassets in Resources */ = {isa = PBXBuildFile; fileRef = 2E116E341B2E985800A0D77F /* Images.xcassets */; };
		2E116E381B2E985800A0D77F /* LaunchScreen.xib in Resources */ = {isa = PBXBuildFile; fileRef = 2E116E361B2E985800A0D77F /* LaunchScreen.xib */; };
		2E116E441B2E985800A0D77F /* PhotoPaperScissorsTests.m in Sources */ = {isa = PBXBuildFile; fileRef = 2E116E431B2E985800A0D77F /* PhotoPaperScissorsTests.m */; };
/* End PBXBuildFile section */

/* Begin PBXContainerItemProxy section */
		2E116E3E1B2E985800A0D77F /* PBXContainerItemProxy */ = {
			isa = PBXContainerItemProxy;
			containerPortal = 2E116E1C1B2E985800A0D77F /* Project object */;
			proxyType = 1;
			remoteGlobalIDString = 2E116E231B2E985800A0D77F;
			remoteInfo = PhotoPaperScissors;
		};
/* End PBXContainerItemProxy section */

/* Begin PBXFileReference section */
		2E116E241B2E985800A0D77F /* PhotoPaperScissors.app */ = {isa = PBXFileReference; explicitFileType = wrapper.application; includeInIndex = 0; path = PhotoPaperScissors.app; sourceTree = BUILT_PRODUCTS_DIR; };
		2E116E281B2E985800A0D77F /* Info.plist */ = {isa = PBXFileReference; lastKnownFileType = text.plist.xml; path = Info.plist; sourceTree = "<group>"; };
		2E116E291B2E985800A0D77F /* main.m */ = {isa = PBXFileReference; lastKnownFileType = sourcecode.c.objc; path = main.m; sourceTree = "<group>"; };
		2E116E2B1B2E985800A0D77F /* AppDelegate.h */ = {isa = PBXFileReference; lastKnownFileType = sourcecode.c.h; path = AppDelegate.h; sourceTree = "<group>"; };
		2E116E2C1B2E985800A0D77F /* AppDelegate.m */ = {isa = PBXFileReference; lastKnownFileType = sourcecode.c.objc; path = AppDelegate.m; sourceTree = "<group>"; };
		2E116E2E1B2E985800A0D77F /* ViewController.h */ = {isa = PBXFileReference; lastKnownFileType = sourcecode.c.h; path = ViewController.h; sourceTree = "<group>"; };
		2E116E2F1B2E985800A0D77F /* ViewController.m */ = {isa = PBXFileReference; lastKnownFileType = sourcecode.c.objc; path = ViewController.m; sourceTree = "<group>"; };
		2E116E321B2E985800A0D77F /* Base */ = {isa = PBXFileReference; lastKnownFileType = file.storyboard; name = Base; path = Base.lproj/Main.storyboard; sourceTree = "<group>"; };
		2E116E341B2E985800A0D77F /* Images.xcassets */ = {isa = PBXFileReference; lastKnownFileType = folder.assetcatalog; path = Images.xcassets; sourceTree = "<group>"; };
		2E116E371B2E985800A0D77F /* Base */ = {isa = PBXFileReference; lastKnownFileType = file.xib; name = Base; path = Base.lproj/LaunchScreen.xib; sourceTree = "<group>"; };
		2E116E3D1B2E985800A0D77F /* PhotoPaperScissorsTests.xctest */ = {isa = PBXFileReference; explicitFileType = wrapper.cfbundle; includeInIndex = 0; path = PhotoPaperScissorsTests.xctest; sourceTree = BUILT_PRODUCTS_DIR; };
		2E116E421B2E985800A0D77F /* Info.plist */ = {isa = PBXFileReference; lastKnownFileType = text.plist.xml; path = Info.plist; sourceTree = "<group>"; };
		2E116E431B2E985800A0D77F /* PhotoPaperScissorsTests.m */ = {isa = PBXFileReference; lastKnownFileType = sourcecode.c.objc; path = PhotoPaperScissorsTests.m; sourceTree = "<group>"; };
/* End PBXFileReference section */

/* Begin PBXFrameworksBuildPhase section */
		2E116E211B2E985800A0D77F /* Frameworks */ = {
			isa = PBXFrameworksBuildPhase;
			buildActionMask = 2147483647;
			files = (
			);
			runOnlyForDeploymentPostprocessing = 0;
		};
		2E116E3A1B2E985800A0D77F /* Frameworks */ = {
			isa = PBXFrameworksBuildPhase;
			buildActionMask = 2147483647;
			files = (
			);
			runOnlyForDeploymentPostprocessing = 0;
		};
/* End PBXFrameworksBuildPhase section */

/* Begin PBXGroup section */
		2E116E1B1B2E985800A0D77F = {
			isa = PBXGroup;
			children = (
				2E116E261B2E985800A0D77F /* PhotoPaperScissors */,
				2E116E401B2E985800A0D77F /* PhotoPaperScissorsTests */,
				2E116E251B2E985800A0D77F /* Products */,
			);
			sourceTree = "<group>";
		};
		2E116E251B2E985800A0D77F /* Products */ = {
			isa = PBXGroup;
			children = (
				2E116E241B2E985800A0D77F /* PhotoPaperScissors.app */,
				2E116E3D1B2E985800A0D77F /* PhotoPaperScissorsTests.xctest */,
			);
			name = Products;
			sourceTree = "<group>";
		};
		2E116E261B2E985800A0D77F /* PhotoPaperScissors */ = {
			isa = PBXGroup;
			children = (
				2E116E2B1B2E985800A0D77F /* AppDelegate.h */,
				2E116E2C1B2E985800A0D77F /* AppDelegate.m */,
				2E116E2E1B2E985800A0D77F /* ViewController.h */,
				2E116E2F1B2E985800A0D77F /* ViewController.m */,
				2E116E311B2E985800A0D77F /* Main.storyboard */,
				2E116E341B2E985800A0D77F /* Images.xcassets */,
				2E116E361B2E985800A0D77F /* LaunchScreen.xib */,
				2E116E271B2E985800A0D77F /* Supporting Files */,
			);
			path = PhotoPaperScissors;
			sourceTree = "<group>";
		};
		2E116E271B2E985800A0D77F /* Supporting Files */ = {
			isa = PBXGroup;
			children = (
				2E116E281B2E985800A0D77F /* Info.plist */,
				2E116E291B2E985800A0D77F /* main.m */,
			);
			name = "Supporting Files";
			sourceTree = "<group>";
		};
		2E116E401B2E985800A0D77F /* PhotoPaperScissorsTests */ = {
			isa = PBXGroup;
			children = (
				2E116E431B2E985800A0D77F /* PhotoPaperScissorsTests.m */,
				2E116E411B2E985800A0D77F /* Supporting Files */,
			);
			path = PhotoPaperScissorsTests;
			sourceTree = "<group>";
		};
		2E116E411B2E985800A0D77F /* Supporting Files */ = {
			isa = PBXGroup;
			children = (
				2E116E421B2E985800A0D77F /* Info.plist */,
			);
			name = "Supporting Files";
			sourceTree = "<group>";
		};
/* End PBXGroup section */

/* Begin PBXNativeTarget section */
		2E116E231B2E985800A0D77F /* PhotoPaperScissors */ = {
			isa = PBXNativeTarget;
			buildConfigurationList = 2E116E471B2E985800A0D77F /* Build configuration list for PBXNativeTarget "PhotoPaperScissors" */;
			buildPhases = (
				2E116E201B2E985800A0D77F /* Sources */,
				2E116E211B2E985800A0D77F /* Frameworks */,
				2E116E221B2E985800A0D77F /* Resources */,
			);
			buildRules = (
			);
			dependencies = (
			);
			name = PhotoPaperScissors;
			productName = PhotoPaperScissors;
			productReference = 2E116E241B2E985800A0D77F /* PhotoPaperScissors.app */;
			productType = "com.apple.product-type.application";
		};
		2E116E3C1B2E985800A0D77F /* PhotoPaperScissorsTests */ = {
			isa = PBXNativeTarget;
			buildConfigurationList = 2E116E4A1B2E985800A0D77F /* Build configuration list for PBXNativeTarget "PhotoPaperScissorsTests" */;
			buildPhases = (
				2E116E391B2E985800A0D77F /* Sources */,
				2E116E3A1B2E985800A0D77F /* Frameworks */,
				2E116E3B1B2E985800A0D77F /* Resources */,
			);
			buildRules = (
			);
			dependencies = (
				2E116E3F1B2E985800A0D77F /* PBXTargetDependency */,
			);
			name = PhotoPaperScissorsTests;
			productName = PhotoPaperScissorsTests;
			productReference = 2E116E3D1B2E985800A0D77F /* PhotoPaperScissorsTests.xctest */;
			productType = "com.apple.product-type.bundle.unit-test";
		};
/* End PBXNativeTarget section */

/* Begin PBXProject section */
		2E116E1C1B2E985800A0D77F /* Project object */ = {
			isa = PBXProject;
			attributes = {
				LastUpgradeCheck = 0630;
				ORGANIZATIONNAME = "Adam Juhasz";
				TargetAttributes = {
					2E116E231B2E985800A0D77F = {
						CreatedOnToolsVersion = 6.3.2;
					};
					2E116E3C1B2E985800A0D77F = {
						CreatedOnToolsVersion = 6.3.2;
						TestTargetID = 2E116E231B2E985800A0D77F;
					};
				};
			};
			buildConfigurationList = 2E116E1F1B2E985800A0D77F /* Build configuration list for PBXProject "PhotoPaperScissors" */;
			compatibilityVersion = "Xcode 3.2";
			developmentRegion = English;
			hasScannedForEncodings = 0;
			knownRegions = (
				en,
				Base,
			);
			mainGroup = 2E116E1B1B2E985800A0D77F;
			productRefGroup = 2E116E251B2E985800A0D77F /* Products */;
			projectDirPath = "";
			projectRoot = "";
			targets = (
				2E116E231B2E985800A0D77F /* PhotoPaperScissors */,
				2E116E3C1B2E985800A0D77F /* PhotoPaperScissorsTests */,
			);
		};
/* End PBXProject section */

/* Begin PBXResourcesBuildPhase section */
		2E116E221B2E985800A0D77F /* Resources */ = {
			isa = PBXResourcesBuildPhase;
			buildActionMask = 2147483647;
			files = (
				2E116E331B2E985800A0D77F /* Main.storyboard in Resources */,
				2E116E381B2E985800A0D77F /* LaunchScreen.xib in Resources */,
				2E116E351B2E985800A0D77F /* Images.xcassets in Resources */,
			);
			runOnlyForDeploymentPostprocessing = 0;
		};
		2E116E3B1B2E985800A0D77F /* Resources */ = {
			isa = PBXResourcesBuildPhase;
			buildActionMask = 2147483647;
			files = (
			);
			runOnlyForDeploymentPostprocessing = 0;
		};
/* End PBXResourcesBuildPhase section */

/* Begin PBXSourcesBuildPhase section */
		2E116E201B2E985800A0D77F /* Sources */ = {
			isa = PBXSourcesBuildPhase;
			buildActionMask = 2147483647;
			files = (
				2E116E301B2E985800A0D77F /* ViewController.m in Sources */,
				2E116E2D1B2E985800A0D77F /* AppDelegate.m in Sources */,
				2E116E2A1B2E985800A0D77F /* main.m in Sources */,
			);
			runOnlyForDeploymentPostprocessing = 0;
		};
		2E116E391B2E985800A0D77F /* Sources */ = {
			isa = PBXSourcesBuildPhase;
			buildActionMask = 2147483647;
			files = (
				2E116E441B2E985800A0D77F /* PhotoPaperScissorsTests.m in Sources */,
			);
			runOnlyForDeploymentPostprocessing = 0;
		};
/* End PBXSourcesBuildPhase section */

/* Begin PBXTargetDependency section */
		2E116E3F1B2E985800A0D77F /* PBXTargetDependency */ = {
			isa = PBXTargetDependency;
			target = 2E116E231B2E985800A0D77F /* PhotoPaperScissors */;
			targetProxy = 2E116E3E1B2E985800A0D77F /* PBXContainerItemProxy */;
		};
/* End PBXTargetDependency section */

/* Begin PBXVariantGroup section */
		2E116E311B2E985800A0D77F /* Main.storyboard */ = {
			isa = PBXVariantGroup;
			children = (
				2E116E321B2E985800A0D77F /* Base */,
			);
			name = Main.storyboard;
			sourceTree = "<group>";
		};
		2E116E361B2E985800A0D77F /* LaunchScreen.xib */ = {
			isa = PBXVariantGroup;
			children = (
				2E116E371B2E985800A0D77F /* Base */,
			);
			name = LaunchScreen.xib;
			sourceTree = "<group>";
		};
/* End PBXVariantGroup section */

/* Begin XCBuildConfiguration section */
		2E116E451B2E985800A0D77F /* Debug */ = {
			isa = XCBuildConfiguration;
			buildSettings = {
				ALWAYS_SEARCH_USER_PATHS = NO;
				CLANG_CXX_LANGUAGE_STANDARD = "gnu++0x";
				CLANG_CXX_LIBRARY = "libc++";
				CLANG_ENABLE_MODULES = YES;
				CLANG_ENABLE_OBJC_ARC = YES;
				CLANG_WARN_BOOL_CONVERSION = YES;
				CLANG_WARN_CONSTANT_CONVERSION = YES;
				CLANG_WARN_DIRECT_OBJC_ISA_USAGE = YES_ERROR;
				CLANG_WARN_EMPTY_BODY = YES;
				CLANG_WARN_ENUM_CONVERSION = YES;
				CLANG_WARN_INT_CONVERSION = YES;
				CLANG_WARN_OBJC_ROOT_CLASS = YES_ERROR;
				CLANG_WARN_UNREACHABLE_CODE = YES;
				CLANG_WARN__DUPLICATE_METHOD_MATCH = YES;
				"CODE_SIGN_IDENTITY[sdk=iphoneos*]" = "iPhone Developer";
				COPY_PHASE_STRIP = NO;
				DEBUG_INFORMATION_FORMAT = "dwarf-with-dsym";
				ENABLE_STRICT_OBJC_MSGSEND = YES;
				GCC_C_LANGUAGE_STANDARD = gnu99;
				GCC_DYNAMIC_NO_PIC = NO;
				GCC_NO_COMMON_BLOCKS = YES;
				GCC_OPTIMIZATION_LEVEL = 0;
				GCC_PREPROCESSOR_DEFINITIONS = (
					"DEBUG=1",
					"$(inherited)",
				);
				GCC_SYMBOLS_PRIVATE_EXTERN = NO;
				GCC_WARN_64_TO_32_BIT_CONVERSION = YES;
				GCC_WARN_ABOUT_RETURN_TYPE = YES_ERROR;
				GCC_WARN_UNDECLARED_SELECTOR = YES;
				GCC_WARN_UNINITIALIZED_AUTOS = YES_AGGRESSIVE;
				GCC_WARN_UNUSED_FUNCTION = YES;
				GCC_WARN_UNUSED_VARIABLE = YES;
				IPHONEOS_DEPLOYMENT_TARGET = 8.3;
				MTL_ENABLE_DEBUG_INFO = YES;
				ONLY_ACTIVE_ARCH = YES;
				SDKROOT = iphoneos;
			};
			name = Debug;
		};
		2E116E461B2E985800A0D77F /* Release */ = {
			isa = XCBuildConfiguration;
			buildSettings = {
				ALWAYS_SEARCH_USER_PATHS = NO;
				CLANG_CXX_LANGUAGE_STANDARD = "gnu++0x";
				CLANG_CXX_LIBRARY = "libc++";
				CLANG_ENABLE_MODULES = YES;
				CLANG_ENABLE_OBJC_ARC = YES;
				CLANG_WARN_BOOL_CONVERSION = YES;
				CLANG_WARN_CONSTANT_CONVERSION = YES;
				CLANG_WARN_DIRECT_OBJC_ISA_USAGE = YES_ERROR;
				CLANG_WARN_EMPTY_BODY = YES;
				CLANG_WARN_ENUM_CONVERSION = YES;
				CLANG_WARN_INT_CONVERSION = YES;
				CLANG_WARN_OBJC_ROOT_CLASS = YES_ERROR;
				CLANG_WARN_UNREACHABLE_CODE = YES;
				CLANG_WARN__DUPLICATE_METHOD_MATCH = YES;
				"CODE_SIGN_IDENTITY[sdk=iphoneos*]" = "iPhone Developer";
				COPY_PHASE_STRIP = NO;
				DEBUG_INFORMATION_FORMAT = "dwarf-with-dsym";
				ENABLE_NS_ASSERTIONS = NO;
				ENABLE_STRICT_OBJC_MSGSEND = YES;
				GCC_C_LANGUAGE_STANDARD = gnu99;
				GCC_NO_COMMON_BLOCKS = YES;
				GCC_WARN_64_TO_32_BIT_CONVERSION = YES;
				GCC_WARN_ABOUT_RETURN_TYPE = YES_ERROR;
				GCC_WARN_UNDECLARED_SELECTOR = YES;
				GCC_WARN_UNINITIALIZED_AUTOS = YES_AGGRESSIVE;
				GCC_WARN_UNUSED_FUNCTION = YES;
				GCC_WARN_UNUSED_VARIABLE = YES;
				IPHONEOS_DEPLOYMENT_TARGET = 8.3;
				MTL_ENABLE_DEBUG_INFO = NO;
				SDKROOT = iphoneos;
				VALIDATE_PRODUCT = YES;
			};
			name = Release;
		};
		2E116E481B2E985800A0D77F /* Debug */ = {
			isa = XCBuildConfiguration;
			buildSettings = {
				ASSETCATALOG_COMPILER_APPICON_NAME = AppIcon;
				INFOPLIST_FILE = PhotoPaperScissors/Info.plist;
				LD_RUNPATH_SEARCH_PATHS = "$(inherited) @executable_path/Frameworks";
				PRODUCT_NAME = "$(TARGET_NAME)";
			};
			name = Debug;
		};
		2E116E491B2E985800A0D77F /* Release */ = {
			isa = XCBuildConfiguration;
			buildSettings = {
				ASSETCATALOG_COMPILER_APPICON_NAME = AppIcon;
				INFOPLIST_FILE = PhotoPaperScissors/Info.plist;
				LD_RUNPATH_SEARCH_PATHS = "$(inherited) @executable_path/Frameworks";
				PRODUCT_NAME = "$(TARGET_NAME)";
			};
			name = Release;
		};
		2E116E4B1B2E985800A0D77F /* Debug */ = {
			isa = XCBuildConfiguration;
			buildSettings = {
				BUNDLE_LOADER = "$(TEST_HOST)";
				FRAMEWORK_SEARCH_PATHS = (
					"$(SDKROOT)/Developer/Library/Frameworks",
					"$(inherited)",
				);
				GCC_PREPROCESSOR_DEFINITIONS = (
					"DEBUG=1",
					"$(inherited)",
				);
				INFOPLIST_FILE = PhotoPaperScissorsTests/Info.plist;
				LD_RUNPATH_SEARCH_PATHS = "$(inherited) @executable_path/Frameworks @loader_path/Frameworks";
				PRODUCT_NAME = "$(TARGET_NAME)";
				TEST_HOST = "$(BUILT_PRODUCTS_DIR)/PhotoPaperScissors.app/PhotoPaperScissors";
			};
			name = Debug;
		};
		2E116E4C1B2E985800A0D77F /* Release */ = {
			isa = XCBuildConfiguration;
			buildSettings = {
				BUNDLE_LOADER = "$(TEST_HOST)";
				FRAMEWORK_SEARCH_PATHS = (
					"$(SDKROOT)/Developer/Library/Frameworks",
					"$(inherited)",
				);
				INFOPLIST_FILE = PhotoPaperScissorsTests/Info.plist;
				LD_RUNPATH_SEARCH_PATHS = "$(inherited) @executable_path/Frameworks @loader_path/Frameworks";
				PRODUCT_NAME = "$(TARGET_NAME)";
				TEST_HOST = "$(BUILT_PRODUCTS_DIR)/PhotoPaperScissors.app/PhotoPaperScissors";
			};
			name = Release;
		};
/* End XCBuildConfiguration section */

/* Begin XCConfigurationList section */
		2E116E1F1B2E985800A0D77F /* Build configuration list for PBXProject "PhotoPaperScissors" */ = {
			isa = XCConfigurationList;
			buildConfigurations = (
				2E116E451B2E985800A0D77F /* Debug */,
				2E116E461B2E985800A0D77F /* Release */,
			);
			defaultConfigurationIsVisible = 0;
			defaultConfigurationName = Release;
		};
		2E116E471B2E985800A0D77F /* Build configuration list for PBXNativeTarget "PhotoPaperScissors" */ = {
			isa = XCConfigurationList;
			buildConfigurations = (
				2E116E481B2E985800A0D77F /* Debug */,
				2E116E491B2E985800A0D77F /* Release */,
			);
			defaultConfigurationIsVisible = 0;
		};
		2E116E4A1B2E985800A0D77F /* Build configuration list for PBXNativeTarget "PhotoPaperScissorsTests" */ = {
			isa = XCConfigurationList;
			buildConfigurations = (
				2E116E4B1B2E985800A0D77F /* Debug */,
				2E116E4C1B2E985800A0D77F /* Release */,
			);
			defaultConfigurationIsVisible = 0;
		};
/* End XCConfigurationList section */
	};
	rootObject = 2E116E1C1B2E985800A0D77F /* Project object */;
}
