PODS:
  - AFDropdownNotification (1.1)
  - Bolts (1.2.0):
    - Bolts/AppLinks (= 1.2.0)
    - Bolts/Tasks (= 1.2.0)
  - Bolts/AppLinks (1.2.0):
    - Bolts/Tasks
  - Bolts/Tasks (1.2.0)
  - ClusterPrePermissions (0.5.0)
  - Colours (5.6.2)
  - FastttCamera (0.3.1):
    - FastttCamera/Default (= 0.3.1)
  - FastttCamera/Default (0.3.1)
  - FBSDKCoreKit (4.3.0):
    - Bolts (~> 1.1)
    - FBSDKCoreKit/arc (= 4.3.0)
    - FBSDKCoreKit/no-arc (= 4.3.0)
  - FBSDKCoreKit/arc (4.3.0):
    - Bolts (~> 1.1)
  - FBSDKCoreKit/no-arc (4.3.0):
    - Bolts (~> 1.1)
    - FBSDKCoreKit/arc
  - FBSDKLoginKit (4.3.0):
    - FBSDKCoreKit
  - FBSDKShareKit (4.3.0):
    - FBSDKCoreKit
  - Flow (1.6.3)
  - JazzHands (2.0.0)
  - jot (0.1.3):
    - Masonry (~> 0.6.1)
  - Masonry (0.6.1)
  - NSURLConnection-Blocks (1.1)
  - NYXImagesKit (2.3)
  - Parse (1.7.5):
    - Bolts/Tasks (>= 1.2.0)
  - ParseFacebookUtilsV4 (1.7.5):
    - Bolts/Tasks (>= 1.2.0)
    - FBSDKCoreKit (~> 4.0)
    - FBSDKLoginKit (~> 4.0)
    - Parse (~> 1.7.5)
  - ParseUI (1.1.4):
    - Parse (~> 1.7)
  - ReactiveCocoa (2.5):
    - ReactiveCocoa/UI (= 2.5)
  - ReactiveCocoa/Core (2.5):
    - ReactiveCocoa/no-arc
  - ReactiveCocoa/no-arc (2.5)
  - ReactiveCocoa/UI (2.5):
    - ReactiveCocoa/Core
  - ReactiveTableViewBinding (1.0):
    - ReactiveCocoa (~> 2.4)
  - UICKeyChainStore (2.0.6)

DEPENDENCIES:
  - AFDropdownNotification
  - ClusterPrePermissions (from `https://github.com/adamjuhasz/ClusterPrePermissions.git`)
  - Colours (from `https://github.com/adamjuhasz/Colours.git`)
  - FastttCamera
  - FBSDKShareKit
  - Flow
  - JazzHands
  - jot (from `https://github.com/adamjuhasz/jot.git`)
  - NSURLConnection-Blocks
  - NYXImagesKit
  - ParseFacebookUtilsV4
  - ParseUI (from `../ParseUI-iOS`)
  - ReactiveCocoa (~> 2)
  - ReactiveTableViewBinding
  - UICKeyChainStore

EXTERNAL SOURCES:
  ClusterPrePermissions:
    :git: https://github.com/adamjuhasz/ClusterPrePermissions.git
  Colours:
    :git: https://github.com/adamjuhasz/Colours.git
  jot:
    :git: https://github.com/adamjuhasz/jot.git
  ParseUI:
    :path: ../ParseUI-iOS

CHECKOUT OPTIONS:
  ClusterPrePermissions:
    :commit: aa098ac589b337619a8c74c7d994842577ddb5b4
    :git: https://github.com/adamjuhasz/ClusterPrePermissions.git
  Colours:
    :commit: 54d4389117d9d5984516a4959813177d3732ba40
    :git: https://github.com/adamjuhasz/Colours.git
  jot:
    :commit: 2d9a7d6a748519018270e9212cc2aa049a2961b2
    :git: https://github.com/adamjuhasz/jot.git

SPEC CHECKSUMS:
  AFDropdownNotification: 4125b132cd03a8d6293e09ce000aeef55ced1364
  Bolts: d176cb1e0012175589e389a9db49b85e27787576
  ClusterPrePermissions: f7c18aed36022662a05048fffb44b24b9e796cff
  Colours: 0afd4c3429656880fd4cff350ca3bf0ab86ca348
  FastttCamera: dfcec6e490be93130123309fdecc7cf444081470
  FBSDKCoreKit: a3a60225a84abeace291d0fe71cae29a627382c2
  FBSDKLoginKit: 6bc2f8f2628c3b6d2e346762fff8cb55cfd3a58d
  FBSDKShareKit: 15806d69714de39d5dff2c84645f4cde23f5876e
  Flow: e93229ef5331fd4f61522507a6bbc254ca6310b6
  JazzHands: 00002e9b1284e7fc1ac6555012e81b8942477242
  jot: 86da410a8bd544860166d5617707f3b2a8f0e4a1
  Masonry: 4972309f2f134de9dd312f4dc4a21359b50e6caa
  NSURLConnection-Blocks: 921a21aa8e472527d6c29b7741a7c78b346ea7f0
  NYXImagesKit: 8163e3335a40eaa173ca5bbbf81fafb57d3947eb
  Parse: 7c0f115eff3e0cea3fac08d50bda47154edb8832
  ParseFacebookUtilsV4: 3107725c6f2b69e3a03afe9c3aff35d6ee3e9ba5
  ParseUI: d1228541b02a36a7354c8f47747f5f7a89cf1ff0
  ReactiveCocoa: e2db045570aa97c695e7aa97c2bcab222ae51f4a
  ReactiveTableViewBinding: f925165a270dc51a3bc02ace494a2f212ae04498
  UICKeyChainStore: c5719c814e8bd69e74e4a0fc09daf8f4d6257a59

COCOAPODS: 0.37.2
